// !$*UTF8*$!
{
	archiveVersion = 1;
	classes = {
	};
	objectVersion = 46;
	objects = {

/* Begin PBXBuildFile section */
		DD9A0FC81CAD74200099006B /* AppDelegate.swift in Sources */ = {isa = PBXBuildFile; fileRef = DD9A0FC71CAD74200099006B /* AppDelegate.swift */; };
		DD9A0FCD1CAD74200099006B /* Main.storyboard in Resources */ = {isa = PBXBuildFile; fileRef = DD9A0FCB1CAD74200099006B /* Main.storyboard */; };
		DD9A0FCF1CAD74200099006B /* Assets.xcassets in Resources */ = {isa = PBXBuildFile; fileRef = DD9A0FCE1CAD74200099006B /* Assets.xcassets */; };
		DD9A0FD21CAD74200099006B /* LaunchScreen.storyboard in Resources */ = {isa = PBXBuildFile; fileRef = DD9A0FD01CAD74200099006B /* LaunchScreen.storyboard */; };
		DD9A0FE01CADB0A60099006B /* LocationController.swift in Sources */ = {isa = PBXBuildFile; fileRef = DD9A0FDF1CADB0A60099006B /* LocationController.swift */; };
		DD9A0FE21CADB0D40099006B /* RestaurantListTableViewController.swift in Sources */ = {isa = PBXBuildFile; fileRef = DD9A0FE11CADB0D40099006B /* RestaurantListTableViewController.swift */; };
		DD9A0FE41CADB10A0099006B /* MapViewController.swift in Sources */ = {isa = PBXBuildFile; fileRef = DD9A0FE31CADB10A0099006B /* MapViewController.swift */; };
/* End PBXBuildFile section */

/* Begin PBXFileReference section */
		DD9A0FC41CAD74200099006B /* RestaurantFinderChallenge.app */ = {isa = PBXFileReference; explicitFileType = wrapper.application; includeInIndex = 0; path = RestaurantFinderChallenge.app; sourceTree = BUILT_PRODUCTS_DIR; };
		DD9A0FC71CAD74200099006B /* AppDelegate.swift */ = {isa = PBXFileReference; lastKnownFileType = sourcecode.swift; path = AppDelegate.swift; sourceTree = "<group>"; };
		DD9A0FCC1CAD74200099006B /* Base */ = {isa = PBXFileReference; lastKnownFileType = file.storyboard; name = Base; path = Base.lproj/Main.storyboard; sourceTree = "<group>"; };
		DD9A0FCE1CAD74200099006B /* Assets.xcassets */ = {isa = PBXFileReference; lastKnownFileType = folder.assetcatalog; path = Assets.xcassets; sourceTree = "<group>"; };
		DD9A0FD11CAD74200099006B /* Base */ = {isa = PBXFileReference; lastKnownFileType = file.storyboard; name = Base; path = Base.lproj/LaunchScreen.storyboard; sourceTree = "<group>"; };
		DD9A0FD31CAD74200099006B /* Info.plist */ = {isa = PBXFileReference; lastKnownFileType = text.plist.xml; path = Info.plist; sourceTree = "<group>"; };
		DD9A0FDF1CADB0A60099006B /* LocationController.swift */ = {isa = PBXFileReference; fileEncoding = 4; lastKnownFileType = sourcecode.swift; path = LocationController.swift; sourceTree = "<group>"; };
		DD9A0FE11CADB0D40099006B /* RestaurantListTableViewController.swift */ = {isa = PBXFileReference; fileEncoding = 4; lastKnownFileType = sourcecode.swift; path = RestaurantListTableViewController.swift; sourceTree = "<group>"; };
		DD9A0FE31CADB10A0099006B /* MapViewController.swift */ = {isa = PBXFileReference; fileEncoding = 4; lastKnownFileType = sourcecode.swift; path = MapViewController.swift; sourceTree = "<group>"; };
/* End PBXFileReference section */

/* Begin PBXFrameworksBuildPhase section */
		DD9A0FC11CAD74200099006B /* Frameworks */ = {
			isa = PBXFrameworksBuildPhase;
			buildActionMask = 2147483647;
			files = (
			);
			runOnlyForDeploymentPostprocessing = 0;
		};
/* End PBXFrameworksBuildPhase section */

/* Begin PBXGroup section */
		DD9A0FBB1CAD74200099006B = {
			isa = PBXGroup;
			children = (
				DD9A0FC61CAD74200099006B /* RestaurantFinderChallenge */,
				DD9A0FC51CAD74200099006B /* Products */,
			);
			sourceTree = "<group>";
		};
		DD9A0FC51CAD74200099006B /* Products */ = {
			isa = PBXGroup;
			children = (
				DD9A0FC41CAD74200099006B /* RestaurantFinderChallenge.app */,
			);
			name = Products;
			sourceTree = "<group>";
		};
		DD9A0FC61CAD74200099006B /* RestaurantFinderChallenge */ = {
			isa = PBXGroup;
			children = (
				DD9A0FC71CAD74200099006B /* AppDelegate.swift */,
				DD9A0FDF1CADB0A60099006B /* LocationController.swift */,
				DD9A0FE11CADB0D40099006B /* RestaurantListTableViewController.swift */,
				DD9A0FE31CADB10A0099006B /* MapViewController.swift */,
				DD9A0FCB1CAD74200099006B /* Main.storyboard */,
				DD9A0FCE1CAD74200099006B /* Assets.xcassets */,
				DD9A0FD01CAD74200099006B /* LaunchScreen.storyboard */,
				DD9A0FD31CAD74200099006B /* Info.plist */,
			);
			path = RestaurantFinderChallenge;
			sourceTree = "<group>";
		};
/* End PBXGroup section */

/* Begin PBXNativeTarget section */
		DD9A0FC31CAD74200099006B /* RestaurantFinderChallenge */ = {
			isa = PBXNativeTarget;
			buildConfigurationList = DD9A0FD61CAD74200099006B /* Build configuration list for PBXNativeTarget "RestaurantFinderChallenge" */;
			buildPhases = (
				DD9A0FC01CAD74200099006B /* Sources */,
				DD9A0FC11CAD74200099006B /* Frameworks */,
				DD9A0FC21CAD74200099006B /* Resources */,
			);
			buildRules = (
			);
			dependencies = (
			);
			name = RestaurantFinderChallenge;
			productName = RestaurantFinderChallenge;
			productReference = DD9A0FC41CAD74200099006B /* RestaurantFinderChallenge.app */;
			productType = "com.apple.product-type.application";
		};
/* End PBXNativeTarget section */

/* Begin PBXProject section */
		DD9A0FBC1CAD74200099006B /* Project object */ = {
			isa = PBXProject;
			attributes = {
				LastSwiftUpdateCheck = 0730;
				LastUpgradeCheck = 0730;
				ORGANIZATIONNAME = "Parker Donat";
				TargetAttributes = {
					DD9A0FC31CAD74200099006B = {
						CreatedOnToolsVersion = 7.3;
					};
				};
			};
			buildConfigurationList = DD9A0FBF1CAD74200099006B /* Build configuration list for PBXProject "RestaurantFinderChallenge" */;
			compatibilityVersion = "Xcode 3.2";
			developmentRegion = English;
			hasScannedForEncodings = 0;
			knownRegions = (
				en,
				Base,
			);
			mainGroup = DD9A0FBB1CAD74200099006B;
			productRefGroup = DD9A0FC51CAD74200099006B /* Products */;
			projectDirPath = "";
			projectRoot = "";
			targets = (
				DD9A0FC31CAD74200099006B /* RestaurantFinderChallenge */,
			);
		};
/* End PBXProject section */

/* Begin PBXResourcesBuildPhase section */
		DD9A0FC21CAD74200099006B /* Resources */ = {
			isa = PBXResourcesBuildPhase;
			buildActionMask = 2147483647;
			files = (
				DD9A0FD21CAD74200099006B /* LaunchScreen.storyboard in Resources */,
				DD9A0FCF1CAD74200099006B /* Assets.xcassets in Resources */,
				DD9A0FCD1CAD74200099006B /* Main.storyboard in Resources */,
			);
			runOnlyForDeploymentPostprocessing = 0;
		};
/* End PBXResourcesBuildPhase section */

/* Begin PBXSourcesBuildPhase section */
		DD9A0FC01CAD74200099006B /* Sources */ = {
			isa = PBXSourcesBuildPhase;
			buildActionMask = 2147483647;
			files = (
				DD9A0FE01CADB0A60099006B /* LocationController.swift in Sources */,
				DD9A0FE21CADB0D40099006B /* RestaurantListTableViewController.swift in Sources */,
				DD9A0FC81CAD74200099006B /* AppDelegate.swift in Sources */,
				DD9A0FE41CADB10A0099006B /* MapViewController.swift in Sources */,
			);
			runOnlyForDeploymentPostprocessing = 0;
		};
/* End PBXSourcesBuildPhase section */

/* Begin PBXVariantGroup section */
		DD9A0FCB1CAD74200099006B /* Main.storyboard */ = {
			isa = PBXVariantGroup;
			children = (
				DD9A0FCC1CAD74200099006B /* Base */,
			);
			name = Main.storyboard;
			sourceTree = "<group>";
		};
		DD9A0FD01CAD74200099006B /* LaunchScreen.storyboard */ = {
			isa = PBXVariantGroup;
			children = (
				DD9A0FD11CAD74200099006B /* Base */,
			);
			name = LaunchScreen.storyboard;
			sourceTree = "<group>";
		};
/* End PBXVariantGroup section */

/* Begin XCBuildConfiguration section */
		DD9A0FD41CAD74200099006B /* Debug */ = {
			isa = XCBuildConfiguration;
			buildSettings = {
				ALWAYS_SEARCH_USER_PATHS = NO;
				CLANG_ANALYZER_NONNULL = YES;
				CLANG_CXX_LANGUAGE_STANDARD = "gnu++0x";
				CLANG_CXX_LIBRARY = "libc++";
				CLANG_ENABLE_MODULES = YES;
				CLANG_ENABLE_OBJC_ARC = YES;
				CLANG_WARN_BOOL_CONVERSION = YES;
				CLANG_WARN_CONSTANT_CONVERSION = YES;
				CLANG_WARN_DIRECT_OBJC_ISA_USAGE = YES_ERROR;
				CLANG_WARN_EMPTY_BODY = YES;
				CLANG_WARN_ENUM_CONVERSION = YES;
				CLANG_WARN_INT_CONVERSION = YES;
				CLANG_WARN_OBJC_ROOT_CLASS = YES_ERROR;
				CLANG_WARN_UNREACHABLE_CODE = YES;
				CLANG_WARN__DUPLICATE_METHOD_MATCH = YES;
				"CODE_SIGN_IDENTITY[sdk=iphoneos*]" = "iPhone Developer";
				COPY_PHASE_STRIP = NO;
				DEBUG_INFORMATION_FORMAT = dwarf;
				ENABLE_STRICT_OBJC_MSGSEND = YES;
				ENABLE_TESTABILITY = YES;
				GCC_C_LANGUAGE_STANDARD = gnu99;
				GCC_DYNAMIC_NO_PIC = NO;
				GCC_NO_COMMON_BLOCKS = YES;
				GCC_OPTIMIZATION_LEVEL = 0;
				GCC_PREPROCESSOR_DEFINITIONS = (
					"DEBUG=1",
					"$(inherited)",
				);
				GCC_WARN_64_TO_32_BIT_CONVERSION = YES;
				GCC_WARN_ABOUT_RETURN_TYPE = YES_ERROR;
				GCC_WARN_UNDECLARED_SELECTOR = YES;
				GCC_WARN_UNINITIALIZED_AUTOS = YES_AGGRESSIVE;
				GCC_WARN_UNUSED_FUNCTION = YES;
				GCC_WARN_UNUSED_VARIABLE = YES;
				IPHONEOS_DEPLOYMENT_TARGET = 9.3;
				MTL_ENABLE_DEBUG_INFO = YES;
				ONLY_ACTIVE_ARCH = YES;
				SDKROOT = iphoneos;
				SWIFT_OPTIMIZATION_LEVEL = "-Onone";
			};
			name = Debug;
		};
		DD9A0FD51CAD74200099006B /* Release */ = {
			isa = XCBuildConfiguration;
			buildSettings = {
				ALWAYS_SEARCH_USER_PATHS = NO;
				CLANG_ANALYZER_NONNULL = YES;
				CLANG_CXX_LANGUAGE_STANDARD = "gnu++0x";
				CLANG_CXX_LIBRARY = "libc++";
				CLANG_ENABLE_MODULES = YES;
				CLANG_ENABLE_OBJC_ARC = YES;
				CLANG_WARN_BOOL_CONVERSION = YES;
				CLANG_WARN_CONSTANT_CONVERSION = YES;
				CLANG_WARN_DIRECT_OBJC_ISA_USAGE = YES_ERROR;
				CLANG_WARN_EMPTY_BODY = YES;
				CLANG_WARN_ENUM_CONVERSION = YES;
				CLANG_WARN_INT_CONVERSION = YES;
				CLANG_WARN_OBJC_ROOT_CLASS = YES_ERROR;
				CLANG_WARN_UNREACHABLE_CODE = YES;
				CLANG_WARN__DUPLICATE_METHOD_MATCH = YES;
				"CODE_SIGN_IDENTITY[sdk=iphoneos*]" = "iPhone Developer";
				COPY_PHASE_STRIP = NO;
				DEBUG_INFORMATION_FORMAT = "dwarf-with-dsym";
				ENABLE_NS_ASSERTIONS = NO;
				ENABLE_STRICT_OBJC_MSGSEND = YES;
				GCC_C_LANGUAGE_STANDARD = gnu99;
				GCC_NO_COMMON_BLOCKS = YES;
				GCC_WARN_64_TO_32_BIT_CONVERSION = YES;
				GCC_WARN_ABOUT_RETURN_TYPE = YES_ERROR;
				GCC_WARN_UNDECLARED_SELECTOR = YES;
				GCC_WARN_UNINITIALIZED_AUTOS = YES_AGGRESSIVE;
				GCC_WARN_UNUSED_FUNCTION = YES;
				GCC_WARN_UNUSED_VARIABLE = YES;
				IPHONEOS_DEPLOYMENT_TARGET = 9.3;
				MTL_ENABLE_DEBUG_INFO = NO;
				SDKROOT = iphoneos;
				VALIDATE_PRODUCT = YES;
			};
			name = Release;
		};
		DD9A0FD71CAD74200099006B /* Debug */ = {
			isa = XCBuildConfiguration;
			buildSettings = {
				ASSETCATALOG_COMPILER_APPICON_NAME = AppIcon;
				INFOPLIST_FILE = RestaurantFinderChallenge/Info.plist;
				LD_RUNPATH_SEARCH_PATHS = "$(inherited) @executable_path/Frameworks";
				PRODUCT_BUNDLE_IDENTIFIER = com.parkerdonat.RestaurantFinderChallenge;
				PRODUCT_NAME = "$(TARGET_NAME)";
			};
			name = Debug;
		};
		DD9A0FD81CAD74200099006B /* Release */ = {
			isa = XCBuildConfiguration;
			buildSettings = {
				ASSETCATALOG_COMPILER_APPICON_NAME = AppIcon;
				INFOPLIST_FILE = RestaurantFinderChallenge/Info.plist;
				LD_RUNPATH_SEARCH_PATHS = "$(inherited) @executable_path/Frameworks";
				PRODUCT_BUNDLE_IDENTIFIER = com.parkerdonat.RestaurantFinderChallenge;
				PRODUCT_NAME = "$(TARGET_NAME)";
			};
			name = Release;
		};
/* End XCBuildConfiguration section */

/* Begin XCConfigurationList section */
		DD9A0FBF1CAD74200099006B /* Build configuration list for PBXProject "RestaurantFinderChallenge" */ = {
			isa = XCConfigurationList;
			buildConfigurations = (
				DD9A0FD41CAD74200099006B /* Debug */,
				DD9A0FD51CAD74200099006B /* Release */,
			);
			defaultConfigurationIsVisible = 0;
			defaultConfigurationName = Release;
		};
		DD9A0FD61CAD74200099006B /* Build configuration list for PBXNativeTarget "RestaurantFinderChallenge" */ = {
			isa = XCConfigurationList;
			buildConfigurations = (
				DD9A0FD71CAD74200099006B /* Debug */,
				DD9A0FD81CAD74200099006B /* Release */,
			);
			defaultConfigurationIsVisible = 0;
		};
/* End XCConfigurationList section */
	};
	rootObject = DD9A0FBC1CAD74200099006B /* Project object */;
}
